PODS:
  - Alamofire (4.9.0)
  - ScopeAgent (0.2.6)

DEPENDENCIES:
  - Alamofire (~> 4.9)
  - ScopeAgent

SPEC REPOS:
  https://github.com/cocoapods/specs.git:
    - Alamofire
    - ScopeAgent

SPEC CHECKSUMS:
  Alamofire: afc3e7c6db61476cb45cdd23fed06bad03bbc321
  ScopeAgent: 1319ef7d07e90ea3592795511960d17d787c98c6

PODFILE CHECKSUM: 08d20c87c6442b7672ea066b04880929afa86b6d

COCOAPODS: 1.6.1
