PODS:
  - Alamofire (4.9.1)
  - ScopeAgent (0.3.3)

DEPENDENCIES:
  - Alamofire (~> 4.9)
  - ScopeAgent

SPEC REPOS:
  trunk:
    - Alamofire
    - ScopeAgent

SPEC CHECKSUMS:
  Alamofire: 85e8a02c69d6020a0d734f6054870d7ecb75cf18
  ScopeAgent: 687ddeaf002eb33ff249da2a027e22e1f4c3366a

PODFILE CHECKSUM: 08d20c87c6442b7672ea066b04880929afa86b6d

COCOAPODS: 1.8.3
