<?xml version="1.0" encoding="UTF-8"?>
<Scheme
   LastUpgradeVersion = "1100"
   version = "1.3">
   <BuildAction
      parallelizeBuildables = "YES"
      buildImplicitDependencies = "YES">
      <BuildActionEntries>
         <BuildActionEntry
            buildForTesting = "YES"
            buildForRunning = "YES"
            buildForProfiling = "YES"
            buildForArchiving = "YES"
            buildForAnalyzing = "YES">
            <BuildableReference
               BuildableIdentifier = "primary"
               BlueprintIdentifier = "66CD42A9233A06F5003F68EC"
               BuildableName = "scope-ios-cocoapods-starter.app"
               BlueprintName = "scope-ios-cocoapods-starter"
               ReferencedContainer = "container:scope-ios-cocoapods-starter.xcodeproj">
            </BuildableReference>
         </BuildActionEntry>
      </BuildActionEntries>
   </BuildAction>
   <TestAction
      buildConfiguration = "Debug"
      selectedDebuggerIdentifier = "Xcode.DebuggerFoundation.Debugger.LLDB"
      selectedLauncherIdentifier = "Xcode.DebuggerFoundation.Launcher.LLDB"
      shouldUseLaunchSchemeArgsEnv = "YES">
      <Testables>
         <TestableReference
            skipped = "NO">
            <BuildableReference
               BuildableIdentifier = "primary"
               BlueprintIdentifier = "66CD42BF233A06F5003F68EC"
               BuildableName = "scope-ios-cocoapods-starterTests.xctest"
               BlueprintName = "scope-ios-cocoapods-starterTests"
               ReferencedContainer = "container:scope-ios-cocoapods-starter.xcodeproj">
            </BuildableReference>
         </TestableReference>
         <TestableReference
            skipped = "YES">
            <BuildableReference
               BuildableIdentifier = "primary"
               BlueprintIdentifier = "66CD42CA233A06F5003F68EC"
               BuildableName = "scope-ios-cocoapods-starterUITests.xctest"
               BlueprintName = "scope-ios-cocoapods-starterUITests"
               ReferencedContainer = "container:scope-ios-cocoapods-starter.xcodeproj">
            </BuildableReference>
         </TestableReference>
      </Testables>
   </TestAction>
   <LaunchAction
      buildConfiguration = "Debug"
      selectedDebuggerIdentifier = "Xcode.DebuggerFoundation.Debugger.LLDB"
      selectedLauncherIdentifier = "Xcode.DebuggerFoundation.Launcher.LLDB"
      launchStyle = "0"
      useCustomWorkingDirectory = "NO"
      ignoresPersistentStateOnLaunch = "NO"
      debugDocumentVersioning = "YES"
      debugServiceExtension = "internal"
      allowLocationSimulation = "YES">
      <BuildableProductRunnable
         runnableDebuggingMode = "0">
         <BuildableReference
            BuildableIdentifier = "primary"
            BlueprintIdentifier = "66CD42A9233A06F5003F68EC"
            BuildableName = "scope-ios-cocoapods-starter.app"
            BlueprintName = "scope-ios-cocoapods-starter"
            ReferencedContainer = "container:scope-ios-cocoapods-starter.xcodeproj">
         </BuildableReference>
      </BuildableProductRunnable>
      <EnvironmentVariables>
         <EnvironmentVariable
            key = "SCOPE_APIKEY"
            value = "$(SCOPE_APIKEY)"
            isEnabled = "YES">
         </EnvironmentVariable>
         <EnvironmentVariable
            key = "SCOPE_API_ENDPOINT"
            value = "$(SCOPE_API_ENDPOINT)"
            isEnabled = "YES">
         </EnvironmentVariable>
         <EnvironmentVariable
            key = "SCOPE_XCODE_APIKEY"
            value = "$(SCOPE_XCODE_APIKEY)"
            isEnabled = "YES">
         </EnvironmentVariable>
         <EnvironmentVariable
            key = "SCOPE_XCODE_API_ENDPOINT"
            value = "$(SCOPE_XCODE_API_ENDPOINT)"
            isEnabled = "YES">
         </EnvironmentVariable>
         <EnvironmentVariable
            key = "SCOPE_COMMIT_SHA"
            value = "$(GITHUB_SHA)"
            isEnabled = "YES">
         </EnvironmentVariable>
         <EnvironmentVariable
            key = "SCOPE_SOURCE_ROOT"
            value = "$(GITHUB_WORKSPACE)"
            isEnabled = "YES">
         </EnvironmentVariable>
         <EnvironmentVariable
            key = "GITHUB_REPOSITORY"
            value = "$(GITHUB_REPOSITORY)"
            isEnabled = "YES">
         </EnvironmentVariable>
      </EnvironmentVariables>
   </LaunchAction>
   <ProfileAction
      buildConfiguration = "Release"
      shouldUseLaunchSchemeArgsEnv = "YES"
      savedToolIdentifier = ""
      useCustomWorkingDirectory = "NO"
      debugDocumentVersioning = "YES">
      <BuildableProductRunnable
         runnableDebuggingMode = "0">
         <BuildableReference
            BuildableIdentifier = "primary"
            BlueprintIdentifier = "66CD42A9233A06F5003F68EC"
            BuildableName = "scope-ios-cocoapods-starter.app"
            BlueprintName = "scope-ios-cocoapods-starter"
            ReferencedContainer = "container:scope-ios-cocoapods-starter.xcodeproj">
         </BuildableReference>
      </BuildableProductRunnable>
   </ProfileAction>
   <AnalyzeAction
      buildConfiguration = "Debug">
   </AnalyzeAction>
   <ArchiveAction
      buildConfiguration = "Release"
      revealArchiveInOrganizer = "YES">
   </ArchiveAction>
</Scheme>
